
Microsoft Visual Studio Solution File, Format Version 12.00
# Visual Studio Version 17
VisualStudioVersion = 17.5.33516.290
MinimumVisualStudioVersion = 10.0.40219.1
Project("{9A19103F-16F7-4668-BE54-9A1E7A4F7556}") = "CSSample", "CSSample.csproj", "{52989760-9427-4019-8213-C36823F38E5B}"
EndProject
Global
	GlobalSection(SolutionConfigurationPlatforms) = preSolution
		Debug|Any CPU = Debug|Any CPU
		Release|Any CPU = Release|Any CPU
	EndGlobalSection
	GlobalSection(ProjectConfigurationPlatforms) = postSolution
		{52989760-9427-4019-8213-C36823F38E5B}.Debug|Any CPU.ActiveCfg = Debug|Any CPU
		{52989760-9427-4019-8213-C36823F38E5B}.Debug|Any CPU.Build.0 = Debug|Any CPU
		{52989760-9427-4019-8213-C36823F38E5B}.Release|Any CPU.ActiveCfg = Release|Any CPU
		{52989760-9427-4019-8213-C36823F38E5B}.Release|Any CPU.Build.0 = Release|Any CPU
	EndGlobalSection
	GlobalSection(SolutionProperties) = preSolution
		HideSolutionNode = FALSE
	EndGlobalSection
	GlobalSection(ExtensibilityGlobals) = postSolution
		SolutionGuid = {10DDE393-DDB4-4F7E-B188-AE1F416A1D4B}
	EndGlobalSection
EndGlobal
